
Microsoft Visual Studio Solution File, Format Version 12.00
# Visual Studio Version 17
VisualStudioVersion = 17.13.35931.197 d17.13
MinimumVisualStudioVersion = 10.0.40219.1
Project("{FAE04EC0-301F-11D3-BF4B-00C04F79EFBC}") = "eKRÉTA", "eKRÉTA\eKRÉTA.csproj", "{423BB213-80A0-4C9F-ADA9-6EEFD9EAC35C}"
EndProject
Global
	GlobalSection(SolutionConfigurationPlatforms) = preSolution
		Debug|Any CPU = Debug|Any CPU
		Release|Any CPU = Release|Any CPU
	EndGlobalSection
	GlobalSection(ProjectConfigurationPlatforms) = postSolution
		{423BB213-80A0-4C9F-ADA9-6EEFD9EAC35C}.Debug|Any CPU.ActiveCfg = Debug|Any CPU
		{423BB213-80A0-4C9F-ADA9-6EEFD9EAC35C}.Debug|Any CPU.Build.0 = Debug|Any CPU
		{423BB213-80A0-4C9F-ADA9-6EEFD9EAC35C}.Release|Any CPU.ActiveCfg = Release|Any CPU
		{423BB213-80A0-4C9F-ADA9-6EEFD9EAC35C}.Release|Any CPU.Build.0 = Release|Any CPU
	EndGlobalSection
	GlobalSection(SolutionProperties) = preSolution
		HideSolutionNode = FALSE
	EndGlobalSection
	GlobalSection(ExtensibilityGlobals) = postSolution
		SolutionGuid = {02786876-1D25-4270-9D11-3872D770F5D4}
	EndGlobalSection
EndGlobal
